<?xml version="1.0" encoding="UTF-8"?>
<CodeBlocks_project_file>
	<FileVersion major="1" minor="6"/>
	<Project>
		<Option title="sort_dependencies"/>
		<Option makefile_is_custom="1"/>
		<Option compiler="gcc"/>
		<Option virtualFolders="CMake Files\;CMake Files\lib\;CMake Files\lib\googletest\;CMake Files\lib\googletest\googletest-src\;CMake Files\lib\googletest\googletest-src\googlemock\;CMake Files\lib\googletest\googletest-src\googletest\;CMake Files\lib\googletest\googletest-src\googletest\cmake\;CMake Files\googletest\;CMake Files\src\;CMake Files\test\;"/>
		<Build>
			<Target title="all">
				<Option working_dir="/home/mclovin/Desktop/sort_dependencies"/>
				<Option type="4"/>
				<MakeCommands>
					<Build command="/usr/bin/make -f &quot;/home/mclovin/Desktop/sort_dependencies/Makefile&quot;  VERBOSE=1 all"/>
					<CompileFile command="/usr/bin/make -f &quot;/home/mclovin/Desktop/sort_dependencies/Makefile&quot;  VERBOSE=1 &quot;$file&quot;"/>
					<Clean command="/usr/bin/make -f &quot;/home/mclovin/Desktop/sort_dependencies/Makefile&quot;  VERBOSE=1 clean"/>
					<DistClean command="/usr/bin/make -f &quot;/home/mclovin/Desktop/sort_dependencies/Makefile&quot;  VERBOSE=1 clean"/>
				</MakeCommands>
			</Target>
			<Target title="install/strip">
				<Option working_dir="/home/mclovin/Desktop/sort_dependencies"/>
				<Option type="4"/>
				<MakeCommands>
					<Build command="/usr/bin/make -f &quot;/home/mclovin/Desktop/sort_dependencies/Makefile&quot;  VERBOSE=1 install/strip"/>
					<CompileFile command="/usr/bin/make -f &quot;/home/mclovin/Desktop/sort_dependencies/Makefile&quot;  VERBOSE=1 &quot;$file&quot;"/>
					<Clean command="/usr/bin/make -f &quot;/home/mclovin/Desktop/sort_dependencies/Makefile&quot;  VERBOSE=1 clean"/>
					<DistClean command="/usr/bin/make -f &quot;/home/mclovin/Desktop/sort_dependencies/Makefile&quot;  VERBOSE=1 clean"/>
				</MakeCommands>
			</Target>
			<Target title="edit_cache">
				<Option working_dir="/home/mclovin/Desktop/sort_dependencies"/>
				<Option type="4"/>
				<MakeCommands>
					<Build command="/usr/bin/make -f &quot;/home/mclovin/Desktop/sort_dependencies/Makefile&quot;  VERBOSE=1 edit_cache"/>
					<CompileFile command="/usr/bin/make -f &quot;/home/mclovin/Desktop/sort_dependencies/Makefile&quot;  VERBOSE=1 &quot;$file&quot;"/>
					<Clean command="/usr/bin/make -f &quot;/home/mclovin/Desktop/sort_dependencies/Makefile&quot;  VERBOSE=1 clean"/>
					<DistClean command="/usr/bin/make -f &quot;/home/mclovin/Desktop/sort_dependencies/Makefile&quot;  VERBOSE=1 clean"/>
				</MakeCommands>
			</Target>
			<Target title="list_install_components">
				<Option working_dir="/home/mclovin/Desktop/sort_dependencies"/>
				<Option type="4"/>
				<MakeCommands>
					<Build command="/usr/bin/make -f &quot;/home/mclovin/Desktop/sort_dependencies/Makefile&quot;  VERBOSE=1 list_install_components"/>
					<CompileFile command="/usr/bin/make -f &quot;/home/mclovin/Desktop/sort_dependencies/Makefile&quot;  VERBOSE=1 &quot;$file&quot;"/>
					<Clean command="/usr/bin/make -f &quot;/home/mclovin/Desktop/sort_dependencies/Makefile&quot;  VERBOSE=1 clean"/>
					<DistClean command="/usr/bin/make -f &quot;/home/mclovin/Desktop/sort_dependencies/Makefile&quot;  VERBOSE=1 clean"/>
				</MakeCommands>
			</Target>
			<Target title="test">
				<Option working_dir="/home/mclovin/Desktop/sort_dependencies"/>
				<Option type="4"/>
				<MakeCommands>
					<Build command="/usr/bin/make -f &quot;/home/mclovin/Desktop/sort_dependencies/Makefile&quot;  VERBOSE=1 test"/>
					<CompileFile command="/usr/bin/make -f &quot;/home/mclovin/Desktop/sort_dependencies/Makefile&quot;  VERBOSE=1 &quot;$file&quot;"/>
					<Clean command="/usr/bin/make -f &quot;/home/mclovin/Desktop/sort_dependencies/Makefile&quot;  VERBOSE=1 clean"/>
					<DistClean command="/usr/bin/make -f &quot;/home/mclovin/Desktop/sort_dependencies/Makefile&quot;  VERBOSE=1 clean"/>
				</MakeCommands>
			</Target>
			<Target title="install/local">
				<Option working_dir="/home/mclovin/Desktop/sort_dependencies"/>
				<Option type="4"/>
				<MakeCommands>
					<Build command="/usr/bin/make -f &quot;/home/mclovin/Desktop/sort_dependencies/Makefile&quot;  VERBOSE=1 install/local"/>
					<CompileFile command="/usr/bin/make -f &quot;/home/mclovin/Desktop/sort_dependencies/Makefile&quot;  VERBOSE=1 &quot;$file&quot;"/>
					<Clean command="/usr/bin/make -f &quot;/home/mclovin/Desktop/sort_dependencies/Makefile&quot;  VERBOSE=1 clean"/>
					<DistClean command="/usr/bin/make -f &quot;/home/mclovin/Desktop/sort_dependencies/Makefile&quot;  VERBOSE=1 clean"/>
				</MakeCommands>
			</Target>
			<Target title="rebuild_cache">
				<Option working_dir="/home/mclovin/Desktop/sort_dependencies"/>
				<Option type="4"/>
				<MakeCommands>
					<Build command="/usr/bin/make -f &quot;/home/mclovin/Desktop/sort_dependencies/Makefile&quot;  VERBOSE=1 rebuild_cache"/>
					<CompileFile command="/usr/bin/make -f &quot;/home/mclovin/Desktop/sort_dependencies/Makefile&quot;  VERBOSE=1 &quot;$file&quot;"/>
					<Clean command="/usr/bin/make -f &quot;/home/mclovin/Desktop/sort_dependencies/Makefile&quot;  VERBOSE=1 clean"/>
					<DistClean command="/usr/bin/make -f &quot;/home/mclovin/Desktop/sort_dependencies/Makefile&quot;  VERBOSE=1 clean"/>
				</MakeCommands>
			</Target>
			<Target title="install">
				<Option working_dir="/home/mclovin/Desktop/sort_dependencies"/>
				<Option type="4"/>
				<MakeCommands>
					<Build command="/usr/bin/make -f &quot;/home/mclovin/Desktop/sort_dependencies/Makefile&quot;  VERBOSE=1 install"/>
					<CompileFile command="/usr/bin/make -f &quot;/home/mclovin/Desktop/sort_dependencies/Makefile&quot;  VERBOSE=1 &quot;$file&quot;"/>
					<Clean command="/usr/bin/make -f &quot;/home/mclovin/Desktop/sort_dependencies/Makefile&quot;  VERBOSE=1 clean"/>
					<DistClean command="/usr/bin/make -f &quot;/home/mclovin/Desktop/sort_dependencies/Makefile&quot;  VERBOSE=1 clean"/>
				</MakeCommands>
			</Target>
			<Target title="gmock_main">
				<Option output="/home/mclovin/Desktop/sort_dependencies/lib/libgmock_main.a" prefix_auto="0" extension_auto="0"/>
				<Option working_dir="/home/mclovin/Desktop/sort_dependencies/lib/googletest/googletest-build/googlemock"/>
				<Option object_output="./"/>
				<Option type="2"/>
				<Option compiler="gcc"/>
				<Compiler>
					<Add directory="/home/mclovin/Desktop/sort_dependencies/lib/googletest/googletest-src/googlemock/include"/>
					<Add directory="/home/mclovin/Desktop/sort_dependencies/lib/googletest/googletest-src/googlemock"/>
					<Add directory="/home/mclovin/Desktop/sort_dependencies/lib/googletest/googletest-src/googletest/include"/>
					<Add directory="/home/mclovin/Desktop/sort_dependencies/lib/googletest/googletest-src/googletest"/>
				</Compiler>
				<MakeCommands>
					<Build command="/usr/bin/make -f &quot;/home/mclovin/Desktop/sort_dependencies/lib/googletest/googletest-build/googlemock/Makefile&quot;  VERBOSE=1 gmock_main"/>
					<CompileFile command="/usr/bin/make -f &quot;/home/mclovin/Desktop/sort_dependencies/lib/googletest/googletest-build/googlemock/Makefile&quot;  VERBOSE=1 &quot;$file&quot;"/>
					<Clean command="/usr/bin/make -f &quot;/home/mclovin/Desktop/sort_dependencies/lib/googletest/googletest-build/googlemock/Makefile&quot;  VERBOSE=1 clean"/>
					<DistClean command="/usr/bin/make -f &quot;/home/mclovin/Desktop/sort_dependencies/lib/googletest/googletest-build/googlemock/Makefile&quot;  VERBOSE=1 clean"/>
				</MakeCommands>
			</Target>
			<Target title="gmock_main/fast">
				<Option output="/home/mclovin/Desktop/sort_dependencies/lib/libgmock_main.a" prefix_auto="0" extension_auto="0"/>
				<Option working_dir="/home/mclovin/Desktop/sort_dependencies/lib/googletest/googletest-build/googlemock"/>
				<Option object_output="./"/>
				<Option type="2"/>
				<Option compiler="gcc"/>
				<Compiler>
					<Add directory="/home/mclovin/Desktop/sort_dependencies/lib/googletest/googletest-src/googlemock/include"/>
					<Add directory="/home/mclovin/Desktop/sort_dependencies/lib/googletest/googletest-src/googlemock"/>
					<Add directory="/home/mclovin/Desktop/sort_dependencies/lib/googletest/googletest-src/googletest/include"/>
					<Add directory="/home/mclovin/Desktop/sort_dependencies/lib/googletest/googletest-src/googletest"/>
				</Compiler>
				<MakeCommands>
					<Build command="/usr/bin/make -f &quot;/home/mclovin/Desktop/sort_dependencies/lib/googletest/googletest-build/googlemock/Makefile&quot;  VERBOSE=1 gmock_main/fast"/>
					<CompileFile command="/usr/bin/make -f &quot;/home/mclovin/Desktop/sort_dependencies/lib/googletest/googletest-build/googlemock/Makefile&quot;  VERBOSE=1 &quot;$file&quot;"/>
					<Clean command="/usr/bin/make -f &quot;/home/mclovin/Desktop/sort_dependencies/lib/googletest/googletest-build/googlemock/Makefile&quot;  VERBOSE=1 clean"/>
					<DistClean command="/usr/bin/make -f &quot;/home/mclovin/Desktop/sort_dependencies/lib/googletest/googletest-build/googlemock/Makefile&quot;  VERBOSE=1 clean"/>
				</MakeCommands>
			</Target>
			<Target title="gmock">
				<Option output="/home/mclovin/Desktop/sort_dependencies/lib/libgmock.a" prefix_auto="0" extension_auto="0"/>
				<Option working_dir="/home/mclovin/Desktop/sort_dependencies/lib/googletest/googletest-build/googlemock"/>
				<Option object_output="./"/>
				<Option type="2"/>
				<Option compiler="gcc"/>
				<Compiler>
					<Add directory="/home/mclovin/Desktop/sort_dependencies/lib/googletest/googletest-src/googlemock/include"/>
					<Add directory="/home/mclovin/Desktop/sort_dependencies/lib/googletest/googletest-src/googlemock"/>
					<Add directory="/home/mclovin/Desktop/sort_dependencies/lib/googletest/googletest-src/googletest/include"/>
					<Add directory="/home/mclovin/Desktop/sort_dependencies/lib/googletest/googletest-src/googletest"/>
				</Compiler>
				<MakeCommands>
					<Build command="/usr/bin/make -f &quot;/home/mclovin/Desktop/sort_dependencies/lib/googletest/googletest-build/googlemock/Makefile&quot;  VERBOSE=1 gmock"/>
					<CompileFile command="/usr/bin/make -f &quot;/home/mclovin/Desktop/sort_dependencies/lib/googletest/googletest-build/googlemock/Makefile&quot;  VERBOSE=1 &quot;$file&quot;"/>
					<Clean command="/usr/bin/make -f &quot;/home/mclovin/Desktop/sort_dependencies/lib/googletest/googletest-build/googlemock/Makefile&quot;  VERBOSE=1 clean"/>
					<DistClean command="/usr/bin/make -f &quot;/home/mclovin/Desktop/sort_dependencies/lib/googletest/googletest-build/googlemock/Makefile&quot;  VERBOSE=1 clean"/>
				</MakeCommands>
			</Target>
			<Target title="gmock/fast">
				<Option output="/home/mclovin/Desktop/sort_dependencies/lib/libgmock.a" prefix_auto="0" extension_auto="0"/>
				<Option working_dir="/home/mclovin/Desktop/sort_dependencies/lib/googletest/googletest-build/googlemock"/>
				<Option object_output="./"/>
				<Option type="2"/>
				<Option compiler="gcc"/>
				<Compiler>
					<Add directory="/home/mclovin/Desktop/sort_dependencies/lib/googletest/googletest-src/googlemock/include"/>
					<Add directory="/home/mclovin/Desktop/sort_dependencies/lib/googletest/googletest-src/googlemock"/>
					<Add directory="/home/mclovin/Desktop/sort_dependencies/lib/googletest/googletest-src/googletest/include"/>
					<Add directory="/home/mclovin/Desktop/sort_dependencies/lib/googletest/googletest-src/googletest"/>
				</Compiler>
				<MakeCommands>
					<Build command="/usr/bin/make -f &quot;/home/mclovin/Desktop/sort_dependencies/lib/googletest/googletest-build/googlemock/Makefile&quot;  VERBOSE=1 gmock/fast"/>
					<CompileFile command="/usr/bin/make -f &quot;/home/mclovin/Desktop/sort_dependencies/lib/googletest/googletest-build/googlemock/Makefile&quot;  VERBOSE=1 &quot;$file&quot;"/>
					<Clean command="/usr/bin/make -f &quot;/home/mclovin/Desktop/sort_dependencies/lib/googletest/googletest-build/googlemock/Makefile&quot;  VERBOSE=1 clean"/>
					<DistClean command="/usr/bin/make -f &quot;/home/mclovin/Desktop/sort_dependencies/lib/googletest/googletest-build/googlemock/Makefile&quot;  VERBOSE=1 clean"/>
				</MakeCommands>
			</Target>
			<Target title="gtest_main">
				<Option output="/home/mclovin/Desktop/sort_dependencies/lib/libgtest_main.a" prefix_auto="0" extension_auto="0"/>
				<Option working_dir="/home/mclovin/Desktop/sort_dependencies/lib/googletest/googletest-build/googlemock/gtest"/>
				<Option object_output="./"/>
				<Option type="2"/>
				<Option compiler="gcc"/>
				<Compiler>
					<Add directory="/home/mclovin/Desktop/sort_dependencies/lib/googletest/googletest-src/googletest/include"/>
					<Add directory="/home/mclovin/Desktop/sort_dependencies/lib/googletest/googletest-src/googletest"/>
				</Compiler>
				<MakeCommands>
					<Build command="/usr/bin/make -f &quot;/home/mclovin/Desktop/sort_dependencies/lib/googletest/googletest-build/googlemock/gtest/Makefile&quot;  VERBOSE=1 gtest_main"/>
					<CompileFile command="/usr/bin/make -f &quot;/home/mclovin/Desktop/sort_dependencies/lib/googletest/googletest-build/googlemock/gtest/Makefile&quot;  VERBOSE=1 &quot;$file&quot;"/>
					<Clean command="/usr/bin/make -f &quot;/home/mclovin/Desktop/sort_dependencies/lib/googletest/googletest-build/googlemock/gtest/Makefile&quot;  VERBOSE=1 clean"/>
					<DistClean command="/usr/bin/make -f &quot;/home/mclovin/Desktop/sort_dependencies/lib/googletest/googletest-build/googlemock/gtest/Makefile&quot;  VERBOSE=1 clean"/>
				</MakeCommands>
			</Target>
			<Target title="gtest_main/fast">
				<Option output="/home/mclovin/Desktop/sort_dependencies/lib/libgtest_main.a" prefix_auto="0" extension_auto="0"/>
				<Option working_dir="/home/mclovin/Desktop/sort_dependencies/lib/googletest/googletest-build/googlemock/gtest"/>
				<Option object_output="./"/>
				<Option type="2"/>
				<Option compiler="gcc"/>
				<Compiler>
					<Add directory="/home/mclovin/Desktop/sort_dependencies/lib/googletest/googletest-src/googletest/include"/>
					<Add directory="/home/mclovin/Desktop/sort_dependencies/lib/googletest/googletest-src/googletest"/>
				</Compiler>
				<MakeCommands>
					<Build command="/usr/bin/make -f &quot;/home/mclovin/Desktop/sort_dependencies/lib/googletest/googletest-build/googlemock/gtest/Makefile&quot;  VERBOSE=1 gtest_main/fast"/>
					<CompileFile command="/usr/bin/make -f &quot;/home/mclovin/Desktop/sort_dependencies/lib/googletest/googletest-build/googlemock/gtest/Makefile&quot;  VERBOSE=1 &quot;$file&quot;"/>
					<Clean command="/usr/bin/make -f &quot;/home/mclovin/Desktop/sort_dependencies/lib/googletest/googletest-build/googlemock/gtest/Makefile&quot;  VERBOSE=1 clean"/>
					<DistClean command="/usr/bin/make -f &quot;/home/mclovin/Desktop/sort_dependencies/lib/googletest/googletest-build/googlemock/gtest/Makefile&quot;  VERBOSE=1 clean"/>
				</MakeCommands>
			</Target>
			<Target title="gtest">
				<Option output="/home/mclovin/Desktop/sort_dependencies/lib/libgtest.a" prefix_auto="0" extension_auto="0"/>
				<Option working_dir="/home/mclovin/Desktop/sort_dependencies/lib/googletest/googletest-build/googlemock/gtest"/>
				<Option object_output="./"/>
				<Option type="2"/>
				<Option compiler="gcc"/>
				<Compiler>
					<Add directory="/home/mclovin/Desktop/sort_dependencies/lib/googletest/googletest-src/googletest/include"/>
					<Add directory="/home/mclovin/Desktop/sort_dependencies/lib/googletest/googletest-src/googletest"/>
				</Compiler>
				<MakeCommands>
					<Build command="/usr/bin/make -f &quot;/home/mclovin/Desktop/sort_dependencies/lib/googletest/googletest-build/googlemock/gtest/Makefile&quot;  VERBOSE=1 gtest"/>
					<CompileFile command="/usr/bin/make -f &quot;/home/mclovin/Desktop/sort_dependencies/lib/googletest/googletest-build/googlemock/gtest/Makefile&quot;  VERBOSE=1 &quot;$file&quot;"/>
					<Clean command="/usr/bin/make -f &quot;/home/mclovin/Desktop/sort_dependencies/lib/googletest/googletest-build/googlemock/gtest/Makefile&quot;  VERBOSE=1 clean"/>
					<DistClean command="/usr/bin/make -f &quot;/home/mclovin/Desktop/sort_dependencies/lib/googletest/googletest-build/googlemock/gtest/Makefile&quot;  VERBOSE=1 clean"/>
				</MakeCommands>
			</Target>
			<Target title="gtest/fast">
				<Option output="/home/mclovin/Desktop/sort_dependencies/lib/libgtest.a" prefix_auto="0" extension_auto="0"/>
				<Option working_dir="/home/mclovin/Desktop/sort_dependencies/lib/googletest/googletest-build/googlemock/gtest"/>
				<Option object_output="./"/>
				<Option type="2"/>
				<Option compiler="gcc"/>
				<Compiler>
					<Add directory="/home/mclovin/Desktop/sort_dependencies/lib/googletest/googletest-src/googletest/include"/>
					<Add directory="/home/mclovin/Desktop/sort_dependencies/lib/googletest/googletest-src/googletest"/>
				</Compiler>
				<MakeCommands>
					<Build command="/usr/bin/make -f &quot;/home/mclovin/Desktop/sort_dependencies/lib/googletest/googletest-build/googlemock/gtest/Makefile&quot;  VERBOSE=1 gtest/fast"/>
					<CompileFile command="/usr/bin/make -f &quot;/home/mclovin/Desktop/sort_dependencies/lib/googletest/googletest-build/googlemock/gtest/Makefile&quot;  VERBOSE=1 &quot;$file&quot;"/>
					<Clean command="/usr/bin/make -f &quot;/home/mclovin/Desktop/sort_dependencies/lib/googletest/googletest-build/googlemock/gtest/Makefile&quot;  VERBOSE=1 clean"/>
					<DistClean command="/usr/bin/make -f &quot;/home/mclovin/Desktop/sort_dependencies/lib/googletest/googletest-build/googlemock/gtest/Makefile&quot;  VERBOSE=1 clean"/>
				</MakeCommands>
			</Target>
			<Target title="directed_graph">
				<Option output="/home/mclovin/Desktop/sort_dependencies/lib/libdirected_graph.a" prefix_auto="0" extension_auto="0"/>
				<Option working_dir="/home/mclovin/Desktop/sort_dependencies/src"/>
				<Option object_output="./"/>
				<Option type="2"/>
				<Option compiler="gcc"/>
				<Compiler/>
				<MakeCommands>
					<Build command="/usr/bin/make -f &quot;/home/mclovin/Desktop/sort_dependencies/src/Makefile&quot;  VERBOSE=1 directed_graph"/>
					<CompileFile command="/usr/bin/make -f &quot;/home/mclovin/Desktop/sort_dependencies/src/Makefile&quot;  VERBOSE=1 &quot;$file&quot;"/>
					<Clean command="/usr/bin/make -f &quot;/home/mclovin/Desktop/sort_dependencies/src/Makefile&quot;  VERBOSE=1 clean"/>
					<DistClean command="/usr/bin/make -f &quot;/home/mclovin/Desktop/sort_dependencies/src/Makefile&quot;  VERBOSE=1 clean"/>
				</MakeCommands>
			</Target>
			<Target title="directed_graph/fast">
				<Option output="/home/mclovin/Desktop/sort_dependencies/lib/libdirected_graph.a" prefix_auto="0" extension_auto="0"/>
				<Option working_dir="/home/mclovin/Desktop/sort_dependencies/src"/>
				<Option object_output="./"/>
				<Option type="2"/>
				<Option compiler="gcc"/>
				<Compiler/>
				<MakeCommands>
					<Build command="/usr/bin/make -f &quot;/home/mclovin/Desktop/sort_dependencies/src/Makefile&quot;  VERBOSE=1 directed_graph/fast"/>
					<CompileFile command="/usr/bin/make -f &quot;/home/mclovin/Desktop/sort_dependencies/src/Makefile&quot;  VERBOSE=1 &quot;$file&quot;"/>
					<Clean command="/usr/bin/make -f &quot;/home/mclovin/Desktop/sort_dependencies/src/Makefile&quot;  VERBOSE=1 clean"/>
					<DistClean command="/usr/bin/make -f &quot;/home/mclovin/Desktop/sort_dependencies/src/Makefile&quot;  VERBOSE=1 clean"/>
				</MakeCommands>
			</Target>
			<Target title="stack_tests">
				<Option output="/home/mclovin/Desktop/sort_dependencies/bin/stack_tests" prefix_auto="0" extension_auto="0"/>
				<Option working_dir="/home/mclovin/Desktop/sort_dependencies/bin"/>
				<Option object_output="./"/>
				<Option type="1"/>
				<Option compiler="gcc"/>
				<Compiler>
					<Add directory="/home/mclovin/Desktop/sort_dependencies/src"/>
					<Add directory="/home/mclovin/Desktop/sort_dependencies/lib/googletest/googletest-src/googletest/include"/>
				</Compiler>
				<MakeCommands>
					<Build command="/usr/bin/make -f &quot;/home/mclovin/Desktop/sort_dependencies/test/Makefile&quot;  VERBOSE=1 stack_tests"/>
					<CompileFile command="/usr/bin/make -f &quot;/home/mclovin/Desktop/sort_dependencies/test/Makefile&quot;  VERBOSE=1 &quot;$file&quot;"/>
					<Clean command="/usr/bin/make -f &quot;/home/mclovin/Desktop/sort_dependencies/test/Makefile&quot;  VERBOSE=1 clean"/>
					<DistClean command="/usr/bin/make -f &quot;/home/mclovin/Desktop/sort_dependencies/test/Makefile&quot;  VERBOSE=1 clean"/>
				</MakeCommands>
			</Target>
			<Target title="stack_tests/fast">
				<Option output="/home/mclovin/Desktop/sort_dependencies/bin/stack_tests" prefix_auto="0" extension_auto="0"/>
				<Option working_dir="/home/mclovin/Desktop/sort_dependencies/bin"/>
				<Option object_output="./"/>
				<Option type="1"/>
				<Option compiler="gcc"/>
				<Compiler>
					<Add directory="/home/mclovin/Desktop/sort_dependencies/src"/>
					<Add directory="/home/mclovin/Desktop/sort_dependencies/lib/googletest/googletest-src/googletest/include"/>
				</Compiler>
				<MakeCommands>
					<Build command="/usr/bin/make -f &quot;/home/mclovin/Desktop/sort_dependencies/test/Makefile&quot;  VERBOSE=1 stack_tests/fast"/>
					<CompileFile command="/usr/bin/make -f &quot;/home/mclovin/Desktop/sort_dependencies/test/Makefile&quot;  VERBOSE=1 &quot;$file&quot;"/>
					<Clean command="/usr/bin/make -f &quot;/home/mclovin/Desktop/sort_dependencies/test/Makefile&quot;  VERBOSE=1 clean"/>
					<DistClean command="/usr/bin/make -f &quot;/home/mclovin/Desktop/sort_dependencies/test/Makefile&quot;  VERBOSE=1 clean"/>
				</MakeCommands>
			</Target>
			<Target title="linked_list_tests">
				<Option output="/home/mclovin/Desktop/sort_dependencies/bin/linked_list_tests" prefix_auto="0" extension_auto="0"/>
				<Option working_dir="/home/mclovin/Desktop/sort_dependencies/bin"/>
				<Option object_output="./"/>
				<Option type="1"/>
				<Option compiler="gcc"/>
				<Compiler>
					<Add directory="/home/mclovin/Desktop/sort_dependencies/src"/>
					<Add directory="/home/mclovin/Desktop/sort_dependencies/lib/googletest/googletest-src/googletest/include"/>
				</Compiler>
				<MakeCommands>
					<Build command="/usr/bin/make -f &quot;/home/mclovin/Desktop/sort_dependencies/test/Makefile&quot;  VERBOSE=1 linked_list_tests"/>
					<CompileFile command="/usr/bin/make -f &quot;/home/mclovin/Desktop/sort_dependencies/test/Makefile&quot;  VERBOSE=1 &quot;$file&quot;"/>
					<Clean command="/usr/bin/make -f &quot;/home/mclovin/Desktop/sort_dependencies/test/Makefile&quot;  VERBOSE=1 clean"/>
					<DistClean command="/usr/bin/make -f &quot;/home/mclovin/Desktop/sort_dependencies/test/Makefile&quot;  VERBOSE=1 clean"/>
				</MakeCommands>
			</Target>
			<Target title="linked_list_tests/fast">
				<Option output="/home/mclovin/Desktop/sort_dependencies/bin/linked_list_tests" prefix_auto="0" extension_auto="0"/>
				<Option working_dir="/home/mclovin/Desktop/sort_dependencies/bin"/>
				<Option object_output="./"/>
				<Option type="1"/>
				<Option compiler="gcc"/>
				<Compiler>
					<Add directory="/home/mclovin/Desktop/sort_dependencies/src"/>
					<Add directory="/home/mclovin/Desktop/sort_dependencies/lib/googletest/googletest-src/googletest/include"/>
				</Compiler>
				<MakeCommands>
					<Build command="/usr/bin/make -f &quot;/home/mclovin/Desktop/sort_dependencies/test/Makefile&quot;  VERBOSE=1 linked_list_tests/fast"/>
					<CompileFile command="/usr/bin/make -f &quot;/home/mclovin/Desktop/sort_dependencies/test/Makefile&quot;  VERBOSE=1 &quot;$file&quot;"/>
					<Clean command="/usr/bin/make -f &quot;/home/mclovin/Desktop/sort_dependencies/test/Makefile&quot;  VERBOSE=1 clean"/>
					<DistClean command="/usr/bin/make -f &quot;/home/mclovin/Desktop/sort_dependencies/test/Makefile&quot;  VERBOSE=1 clean"/>
				</MakeCommands>
			</Target>
			<Target title="directed_graph_sort_tests">
				<Option output="/home/mclovin/Desktop/sort_dependencies/bin/directed_graph_sort_tests" prefix_auto="0" extension_auto="0"/>
				<Option working_dir="/home/mclovin/Desktop/sort_dependencies/bin"/>
				<Option object_output="./"/>
				<Option type="1"/>
				<Option compiler="gcc"/>
				<Compiler>
					<Add directory="/home/mclovin/Desktop/sort_dependencies/src"/>
					<Add directory="/home/mclovin/Desktop/sort_dependencies/lib/googletest/googletest-src/googletest/include"/>
				</Compiler>
				<MakeCommands>
					<Build command="/usr/bin/make -f &quot;/home/mclovin/Desktop/sort_dependencies/test/Makefile&quot;  VERBOSE=1 directed_graph_sort_tests"/>
					<CompileFile command="/usr/bin/make -f &quot;/home/mclovin/Desktop/sort_dependencies/test/Makefile&quot;  VERBOSE=1 &quot;$file&quot;"/>
					<Clean command="/usr/bin/make -f &quot;/home/mclovin/Desktop/sort_dependencies/test/Makefile&quot;  VERBOSE=1 clean"/>
					<DistClean command="/usr/bin/make -f &quot;/home/mclovin/Desktop/sort_dependencies/test/Makefile&quot;  VERBOSE=1 clean"/>
				</MakeCommands>
			</Target>
			<Target title="directed_graph_sort_tests/fast">
				<Option output="/home/mclovin/Desktop/sort_dependencies/bin/directed_graph_sort_tests" prefix_auto="0" extension_auto="0"/>
				<Option working_dir="/home/mclovin/Desktop/sort_dependencies/bin"/>
				<Option object_output="./"/>
				<Option type="1"/>
				<Option compiler="gcc"/>
				<Compiler>
					<Add directory="/home/mclovin/Desktop/sort_dependencies/src"/>
					<Add directory="/home/mclovin/Desktop/sort_dependencies/lib/googletest/googletest-src/googletest/include"/>
				</Compiler>
				<MakeCommands>
					<Build command="/usr/bin/make -f &quot;/home/mclovin/Desktop/sort_dependencies/test/Makefile&quot;  VERBOSE=1 directed_graph_sort_tests/fast"/>
					<CompileFile command="/usr/bin/make -f &quot;/home/mclovin/Desktop/sort_dependencies/test/Makefile&quot;  VERBOSE=1 &quot;$file&quot;"/>
					<Clean command="/usr/bin/make -f &quot;/home/mclovin/Desktop/sort_dependencies/test/Makefile&quot;  VERBOSE=1 clean"/>
					<DistClean command="/usr/bin/make -f &quot;/home/mclovin/Desktop/sort_dependencies/test/Makefile&quot;  VERBOSE=1 clean"/>
				</MakeCommands>
			</Target>
		</Build>
		<Unit filename="/home/mclovin/Desktop/sort_dependencies/lib/googletest/googletest-src/googlemock/src/gmock-all.cc">
			<Option target="gmock_main"/>
			<Option target="gmock"/>
		</Unit>
		<Unit filename="/home/mclovin/Desktop/sort_dependencies/lib/googletest/googletest-src/googlemock/src/gmock_main.cc">
			<Option target="gmock_main"/>
		</Unit>
		<Unit filename="/home/mclovin/Desktop/sort_dependencies/lib/googletest/googletest-src/googletest/src/gtest-all.cc">
			<Option target="gmock_main"/>
			<Option target="gmock"/>
			<Option target="gtest"/>
		</Unit>
		<Unit filename="/home/mclovin/Desktop/sort_dependencies/lib/googletest/googletest-src/googletest/src/gtest_main.cc">
			<Option target="gtest_main"/>
		</Unit>
		<Unit filename="/home/mclovin/Desktop/sort_dependencies/src/DirectedGraph.cpp">
			<Option target="directed_graph"/>
		</Unit>
		<Unit filename="/home/mclovin/Desktop/sort_dependencies/src/DirectedGraph.h">
			<Option target="directed_graph"/>
		</Unit>
		<Unit filename="/home/mclovin/Desktop/sort_dependencies/test/DirectedGraphSortTest.cpp">
			<Option target="directed_graph_sort_tests"/>
		</Unit>
		<Unit filename="/home/mclovin/Desktop/sort_dependencies/test/LinkedListTest.cpp">
			<Option target="linked_list_tests"/>
		</Unit>
		<Unit filename="/home/mclovin/Desktop/sort_dependencies/test/LinkedStackTest.cpp">
			<Option target="stack_tests"/>
		</Unit>
		<Unit filename="/home/mclovin/Desktop/sort_dependencies/test/main.cpp">
			<Option target="stack_tests"/>
			<Option target="linked_list_tests"/>
			<Option target="directed_graph_sort_tests"/>
		</Unit>
		<Unit filename="/home/mclovin/Desktop/sort_dependencies/CMakeLists.txt">
			<Option virtualFolder="CMake Files\"/>
		</Unit>
		<Unit filename="/home/mclovin/Desktop/sort_dependencies/lib/googletest/googletest-src/CMakeLists.txt">
			<Option virtualFolder="CMake Files\lib\googletest\googletest-src\"/>
		</Unit>
		<Unit filename="/home/mclovin/Desktop/sort_dependencies/lib/googletest/googletest-src/googlemock/CMakeLists.txt">
			<Option virtualFolder="CMake Files\lib\googletest\googletest-src\googlemock\"/>
		</Unit>
		<Unit filename="/home/mclovin/Desktop/sort_dependencies/lib/googletest/googletest-src/googletest/CMakeLists.txt">
			<Option virtualFolder="CMake Files\lib\googletest\googletest-src\googletest\"/>
		</Unit>
		<Unit filename="/home/mclovin/Desktop/sort_dependencies/lib/googletest/googletest-src/googletest/cmake/internal_utils.cmake">
			<Option virtualFolder="CMake Files\lib\googletest\googletest-src\googletest\cmake\"/>
		</Unit>
		<Unit filename="/home/mclovin/Desktop/sort_dependencies/googletest/googletest-download.cmake">
			<Option virtualFolder="CMake Files\googletest\"/>
		</Unit>
		<Unit filename="/home/mclovin/Desktop/sort_dependencies/googletest/googletest.cmake">
			<Option virtualFolder="CMake Files\googletest\"/>
		</Unit>
		<Unit filename="/home/mclovin/Desktop/sort_dependencies/src/CMakeLists.txt">
			<Option virtualFolder="CMake Files\src\"/>
		</Unit>
		<Unit filename="/home/mclovin/Desktop/sort_dependencies/test/CMakeLists.txt">
			<Option virtualFolder="CMake Files\test\"/>
		</Unit>
	</Project>
</CodeBlocks_project_file>
